# This file is automatically @generated by Cargo.
# It is not intended for manual editing.
version = 4

[[package]]
name = "lucasbardella-com"
version = "0.1.0"
dependencies = [
 "rtrb",
]

[[package]]
name = "rtrb"
version = "0.3.2"
source = "registry+https://github.com/rust-lang/crates.io-index"
checksum = "ad8388ea1a9e0ea807e442e8263a699e7edcb320ecbcd21b4fa8ff859acce3ba"
